// !$*UTF8*$!
{
	archiveVersion = 1;
	classes = {
	};
	objectVersion = 50;
	objects = {

/* Begin PBXBuildFile section */
		3580112521D4C98C002FE185 /* AppDelegate.swift in Sources */ = {isa = PBXBuildFile; fileRef = 3580112421D4C98C002FE185 /* AppDelegate.swift */; };
		3580112721D4C98C002FE185 /* LoginViewController.swift in Sources */ = {isa = PBXBuildFile; fileRef = 3580112621D4C98C002FE185 /* LoginViewController.swift */; };
		3580112A21D4C98C002FE185 /* Main.storyboard in Resources */ = {isa = PBXBuildFile; fileRef = 3580112821D4C98C002FE185 /* Main.storyboard */; };
		3580112C21D4C98D002FE185 /* Assets.xcassets in Resources */ = {isa = PBXBuildFile; fileRef = 3580112B21D4C98D002FE185 /* Assets.xcassets */; };
		3580112F21D4C98D002FE185 /* LaunchScreen.storyboard in Resources */ = {isa = PBXBuildFile; fileRef = 3580112D21D4C98D002FE185 /* LaunchScreen.storyboard */; };
		3580113A21D4C98D002FE185 /* FirebaseApplicationTests.swift in Sources */ = {isa = PBXBuildFile; fileRef = 3580113921D4C98D002FE185 /* FirebaseApplicationTests.swift */; };
		3580114521D4CC09002FE185 /* CustomButton.swift in Sources */ = {isa = PBXBuildFile; fileRef = 3580114421D4CC09002FE185 /* CustomButton.swift */; };
		3580114721D4CF4E002FE185 /* CreateAccountViewController.swift in Sources */ = {isa = PBXBuildFile; fileRef = 3580114621D4CF4E002FE185 /* CreateAccountViewController.swift */; };
		3599B78B21D4D419005EE3F7 /* GoogleService-Info.plist in Resources */ = {isa = PBXBuildFile; fileRef = 3599B78A21D4D419005EE3F7 /* GoogleService-Info.plist */; };
		35AA789F21D4E2C30055CF0C /* HomeScreenViewController.swift in Sources */ = {isa = PBXBuildFile; fileRef = 35AA789E21D4E2C30055CF0C /* HomeScreenViewController.swift */; };
		35AA78A121D4E45C0055CF0C /* ViewController.swift in Sources */ = {isa = PBXBuildFile; fileRef = 35AA78A021D4E45C0055CF0C /* ViewController.swift */; };
		7B9622965D75BEE13B4CA7C5 /* Pods_FirebaseApplication.framework in Frameworks */ = {isa = PBXBuildFile; fileRef = B2EA20D914D9C7446139FBE4 /* Pods_FirebaseApplication.framework */; };
		A7C76E43C37D8382C342E50B /* Pods_FirebaseApplicationTests.framework in Frameworks */ = {isa = PBXBuildFile; fileRef = 7D0875295470DC4B63C98D9D /* Pods_FirebaseApplicationTests.framework */; };
/* End PBXBuildFile section */

/* Begin PBXContainerItemProxy section */
		3580113621D4C98D002FE185 /* PBXContainerItemProxy */ = {
			isa = PBXContainerItemProxy;
			containerPortal = 3580111921D4C98C002FE185 /* Project object */;
			proxyType = 1;
			remoteGlobalIDString = 3580112021D4C98C002FE185;
			remoteInfo = FirebaseApplication;
		};
/* End PBXContainerItemProxy section */

/* Begin PBXFileReference section */
		3580112121D4C98C002FE185 /* FirebaseApplication.app */ = {isa = PBXFileReference; explicitFileType = wrapper.application; includeInIndex = 0; path = FirebaseApplication.app; sourceTree = BUILT_PRODUCTS_DIR; };
		3580112421D4C98C002FE185 /* AppDelegate.swift */ = {isa = PBXFileReference; lastKnownFileType = sourcecode.swift; path = AppDelegate.swift; sourceTree = "<group>"; };
		3580112621D4C98C002FE185 /* LoginViewController.swift */ = {isa = PBXFileReference; lastKnownFileType = sourcecode.swift; path = LoginViewController.swift; sourceTree = "<group>"; };
		3580112921D4C98C002FE185 /* Base */ = {isa = PBXFileReference; lastKnownFileType = file.storyboard; name = Base; path = Base.lproj/Main.storyboard; sourceTree = "<group>"; };
		3580112B21D4C98D002FE185 /* Assets.xcassets */ = {isa = PBXFileReference; lastKnownFileType = folder.assetcatalog; path = Assets.xcassets; sourceTree = "<group>"; };
		3580112E21D4C98D002FE185 /* Base */ = {isa = PBXFileReference; lastKnownFileType = file.storyboard; name = Base; path = Base.lproj/LaunchScreen.storyboard; sourceTree = "<group>"; };
		3580113021D4C98D002FE185 /* Info.plist */ = {isa = PBXFileReference; lastKnownFileType = text.plist.xml; path = Info.plist; sourceTree = "<group>"; };
		3580113521D4C98D002FE185 /* FirebaseApplicationTests.xctest */ = {isa = PBXFileReference; explicitFileType = wrapper.cfbundle; includeInIndex = 0; path = FirebaseApplicationTests.xctest; sourceTree = BUILT_PRODUCTS_DIR; };
		3580113921D4C98D002FE185 /* FirebaseApplicationTests.swift */ = {isa = PBXFileReference; lastKnownFileType = sourcecode.swift; path = FirebaseApplicationTests.swift; sourceTree = "<group>"; };
		3580113B21D4C98D002FE185 /* Info.plist */ = {isa = PBXFileReference; lastKnownFileType = text.plist.xml; path = Info.plist; sourceTree = "<group>"; };
		3580114421D4CC09002FE185 /* CustomButton.swift */ = {isa = PBXFileReference; fileEncoding = 4; lastKnownFileType = sourcecode.swift; path = CustomButton.swift; sourceTree = "<group>"; };
		3580114621D4CF4E002FE185 /* CreateAccountViewController.swift */ = {isa = PBXFileReference; lastKnownFileType = sourcecode.swift; path = CreateAccountViewController.swift; sourceTree = "<group>"; };
		3599B78A21D4D419005EE3F7 /* GoogleService-Info.plist */ = {isa = PBXFileReference; fileEncoding = 4; lastKnownFileType = text.plist.xml; path = "GoogleService-Info.plist"; sourceTree = "<group>"; };
		35AA789E21D4E2C30055CF0C /* HomeScreenViewController.swift */ = {isa = PBXFileReference; lastKnownFileType = sourcecode.swift; path = HomeScreenViewController.swift; sourceTree = "<group>"; };
		35AA78A021D4E45C0055CF0C /* ViewController.swift */ = {isa = PBXFileReference; lastKnownFileType = sourcecode.swift; path = ViewController.swift; sourceTree = "<group>"; };
		7501E10942FD8C51AB583A4A /* Pods-FirebaseApplicationTests.release.xcconfig */ = {isa = PBXFileReference; includeInIndex = 1; lastKnownFileType = text.xcconfig; name = "Pods-FirebaseApplicationTests.release.xcconfig"; path = "Pods/Target Support Files/Pods-FirebaseApplicationTests/Pods-FirebaseApplicationTests.release.xcconfig"; sourceTree = "<group>"; };
		7D0875295470DC4B63C98D9D /* Pods_FirebaseApplicationTests.framework */ = {isa = PBXFileReference; explicitFileType = wrapper.framework; includeInIndex = 0; path = Pods_FirebaseApplicationTests.framework; sourceTree = BUILT_PRODUCTS_DIR; };
		A18974F307A8BACD741D6DB9 /* Pods-FirebaseApplication.release.xcconfig */ = {isa = PBXFileReference; includeInIndex = 1; lastKnownFileType = text.xcconfig; name = "Pods-FirebaseApplication.release.xcconfig"; path = "Pods/Target Support Files/Pods-FirebaseApplication/Pods-FirebaseApplication.release.xcconfig"; sourceTree = "<group>"; };
		B2EA20D914D9C7446139FBE4 /* Pods_FirebaseApplication.framework */ = {isa = PBXFileReference; explicitFileType = wrapper.framework; includeInIndex = 0; path = Pods_FirebaseApplication.framework; sourceTree = BUILT_PRODUCTS_DIR; };
		D697ED536F211FC6769F85D1 /* Pods-FirebaseApplicationTests.debug.xcconfig */ = {isa = PBXFileReference; includeInIndex = 1; lastKnownFileType = text.xcconfig; name = "Pods-FirebaseApplicationTests.debug.xcconfig"; path = "Pods/Target Support Files/Pods-FirebaseApplicationTests/Pods-FirebaseApplicationTests.debug.xcconfig"; sourceTree = "<group>"; };
		FBC35E3A2E2AFC2EB0B205A8 /* Pods-FirebaseApplication.debug.xcconfig */ = {isa = PBXFileReference; includeInIndex = 1; lastKnownFileType = text.xcconfig; name = "Pods-FirebaseApplication.debug.xcconfig"; path = "Pods/Target Support Files/Pods-FirebaseApplication/Pods-FirebaseApplication.debug.xcconfig"; sourceTree = "<group>"; };
/* End PBXFileReference section */

/* Begin PBXFrameworksBuildPhase section */
		3580111E21D4C98C002FE185 /* Frameworks */ = {
			isa = PBXFrameworksBuildPhase;
			buildActionMask = 2147483647;
			files = (
				7B9622965D75BEE13B4CA7C5 /* Pods_FirebaseApplication.framework in Frameworks */,
			);
			runOnlyForDeploymentPostprocessing = 0;
		};
		3580113221D4C98D002FE185 /* Frameworks */ = {
			isa = PBXFrameworksBuildPhase;
			buildActionMask = 2147483647;
			files = (
				A7C76E43C37D8382C342E50B /* Pods_FirebaseApplicationTests.framework in Frameworks */,
			);
			runOnlyForDeploymentPostprocessing = 0;
		};
/* End PBXFrameworksBuildPhase section */

/* Begin PBXGroup section */
		3580111821D4C98C002FE185 = {
			isa = PBXGroup;
			children = (
				3580112321D4C98C002FE185 /* FirebaseApplication */,
				3580113821D4C98D002FE185 /* FirebaseApplicationTests */,
				3580112221D4C98C002FE185 /* Products */,
				6916D1603E16AEDED2B448F4 /* Pods */,
				F686EF91B8F6210B294DBB1A /* Frameworks */,
			);
			sourceTree = "<group>";
		};
		3580112221D4C98C002FE185 /* Products */ = {
			isa = PBXGroup;
			children = (
				3580112121D4C98C002FE185 /* FirebaseApplication.app */,
				3580113521D4C98D002FE185 /* FirebaseApplicationTests.xctest */,
			);
			name = Products;
			sourceTree = "<group>";
		};
		3580112321D4C98C002FE185 /* FirebaseApplication */ = {
			isa = PBXGroup;
			children = (
				3580112421D4C98C002FE185 /* AppDelegate.swift */,
				3580112621D4C98C002FE185 /* LoginViewController.swift */,
				3580112821D4C98C002FE185 /* Main.storyboard */,
				35AA78A021D4E45C0055CF0C /* ViewController.swift */,
				35AA789E21D4E2C30055CF0C /* HomeScreenViewController.swift */,
				3580114621D4CF4E002FE185 /* CreateAccountViewController.swift */,
				3580112B21D4C98D002FE185 /* Assets.xcassets */,
				3580114421D4CC09002FE185 /* CustomButton.swift */,
				3580112D21D4C98D002FE185 /* LaunchScreen.storyboard */,
				3580113021D4C98D002FE185 /* Info.plist */,
				3599B78A21D4D419005EE3F7 /* GoogleService-Info.plist */,
			);
			path = FirebaseApplication;
			sourceTree = "<group>";
		};
		3580113821D4C98D002FE185 /* FirebaseApplicationTests */ = {
			isa = PBXGroup;
			children = (
				3580113921D4C98D002FE185 /* FirebaseApplicationTests.swift */,
				3580113B21D4C98D002FE185 /* Info.plist */,
			);
			path = FirebaseApplicationTests;
			sourceTree = "<group>";
		};
		6916D1603E16AEDED2B448F4 /* Pods */ = {
			isa = PBXGroup;
			children = (
				FBC35E3A2E2AFC2EB0B205A8 /* Pods-FirebaseApplication.debug.xcconfig */,
				A18974F307A8BACD741D6DB9 /* Pods-FirebaseApplication.release.xcconfig */,
				D697ED536F211FC6769F85D1 /* Pods-FirebaseApplicationTests.debug.xcconfig */,
				7501E10942FD8C51AB583A4A /* Pods-FirebaseApplicationTests.release.xcconfig */,
			);
			name = Pods;
			sourceTree = "<group>";
		};
		F686EF91B8F6210B294DBB1A /* Frameworks */ = {
			isa = PBXGroup;
			children = (
				B2EA20D914D9C7446139FBE4 /* Pods_FirebaseApplication.framework */,
				7D0875295470DC4B63C98D9D /* Pods_FirebaseApplicationTests.framework */,
			);
			name = Frameworks;
			sourceTree = "<group>";
		};
/* End PBXGroup section */

/* Begin PBXNativeTarget section */
		3580112021D4C98C002FE185 /* FirebaseApplication */ = {
			isa = PBXNativeTarget;
			buildConfigurationList = 3580113E21D4C98D002FE185 /* Build configuration list for PBXNativeTarget "FirebaseApplication" */;
			buildPhases = (
				75A4C9DE78128341FEDBE5F4 /* [CP] Check Pods Manifest.lock */,
				3580111D21D4C98C002FE185 /* Sources */,
				3580111E21D4C98C002FE185 /* Frameworks */,
				3580111F21D4C98C002FE185 /* Resources */,
				5C8DB0C3A712F89D81AB7D11 /* [CP] Embed Pods Frameworks */,
			);
			buildRules = (
			);
			dependencies = (
			);
			name = FirebaseApplication;
			productName = FirebaseApplication;
			productReference = 3580112121D4C98C002FE185 /* FirebaseApplication.app */;
			productType = "com.apple.product-type.application";
		};
		3580113421D4C98D002FE185 /* FirebaseApplicationTests */ = {
			isa = PBXNativeTarget;
			buildConfigurationList = 3580114121D4C98D002FE185 /* Build configuration list for PBXNativeTarget "FirebaseApplicationTests" */;
			buildPhases = (
				D36F3ADAAB06687996230DA3 /* [CP] Check Pods Manifest.lock */,
				3580113121D4C98D002FE185 /* Sources */,
				3580113221D4C98D002FE185 /* Frameworks */,
				3580113321D4C98D002FE185 /* Resources */,
			);
			buildRules = (
			);
			dependencies = (
				3580113721D4C98D002FE185 /* PBXTargetDependency */,
			);
			name = FirebaseApplicationTests;
			productName = FirebaseApplicationTests;
			productReference = 3580113521D4C98D002FE185 /* FirebaseApplicationTests.xctest */;
			productType = "com.apple.product-type.bundle.unit-test";
		};
/* End PBXNativeTarget section */

/* Begin PBXProject section */
		3580111921D4C98C002FE185 /* Project object */ = {
			isa = PBXProject;
			attributes = {
				LastSwiftUpdateCheck = 1010;
				LastUpgradeCheck = 1010;
				ORGANIZATIONNAME = clarionTechnologies;
				TargetAttributes = {
					3580112021D4C98C002FE185 = {
						CreatedOnToolsVersion = 10.1;
					};
					3580113421D4C98D002FE185 = {
						CreatedOnToolsVersion = 10.1;
						TestTargetID = 3580112021D4C98C002FE185;
					};
				};
			};
			buildConfigurationList = 3580111C21D4C98C002FE185 /* Build configuration list for PBXProject "FirebaseApplication" */;
			compatibilityVersion = "Xcode 9.3";
			developmentRegion = en;
			hasScannedForEncodings = 0;
			knownRegions = (
				en,
				Base,
			);
			mainGroup = 3580111821D4C98C002FE185;
			productRefGroup = 3580112221D4C98C002FE185 /* Products */;
			projectDirPath = "";
			projectRoot = "";
			targets = (
				3580112021D4C98C002FE185 /* FirebaseApplication */,
				3580113421D4C98D002FE185 /* FirebaseApplicationTests */,
			);
		};
/* End PBXProject section */

/* Begin PBXResourcesBuildPhase section */
		3580111F21D4C98C002FE185 /* Resources */ = {
			isa = PBXResourcesBuildPhase;
			buildActionMask = 2147483647;
			files = (
				3580112F21D4C98D002FE185 /* LaunchScreen.storyboard in Resources */,
				3599B78B21D4D419005EE3F7 /* GoogleService-Info.plist in Resources */,
				3580112C21D4C98D002FE185 /* Assets.xcassets in Resources */,
				3580112A21D4C98C002FE185 /* Main.storyboard in Resources */,
			);
			runOnlyForDeploymentPostprocessing = 0;
		};
		3580113321D4C98D002FE185 /* Resources */ = {
			isa = PBXResourcesBuildPhase;
			buildActionMask = 2147483647;
			files = (
			);
			runOnlyForDeploymentPostprocessing = 0;
		};
/* End PBXResourcesBuildPhase section */

/* Begin PBXShellScriptBuildPhase section */
		5C8DB0C3A712F89D81AB7D11 /* [CP] Embed Pods Frameworks */ = {
			isa = PBXShellScriptBuildPhase;
			buildActionMask = 2147483647;
			files = (
			);
			inputFileListPaths = (
			);
			inputPaths = (
				"${SRCROOT}/Pods/Target Support Files/Pods-FirebaseApplication/Pods-FirebaseApplication-frameworks.sh",
				"${BUILT_PRODUCTS_DIR}/GTMSessionFetcher/GTMSessionFetcher.framework",
				"${BUILT_PRODUCTS_DIR}/GoogleUtilities/GoogleUtilities.framework",
				"${BUILT_PRODUCTS_DIR}/leveldb-library/leveldb.framework",
				"${BUILT_PRODUCTS_DIR}/nanopb/nanopb.framework",
			);
			name = "[CP] Embed Pods Frameworks";
			outputFileListPaths = (
			);
			outputPaths = (
				"${TARGET_BUILD_DIR}/${FRAMEWORKS_FOLDER_PATH}/GTMSessionFetcher.framework",
				"${TARGET_BUILD_DIR}/${FRAMEWORKS_FOLDER_PATH}/GoogleUtilities.framework",
				"${TARGET_BUILD_DIR}/${FRAMEWORKS_FOLDER_PATH}/leveldb.framework",
				"${TARGET_BUILD_DIR}/${FRAMEWORKS_FOLDER_PATH}/nanopb.framework",
			);
			runOnlyForDeploymentPostprocessing = 0;
			shellPath = /bin/sh;
			shellScript = "\"${SRCROOT}/Pods/Target Support Files/Pods-FirebaseApplication/Pods-FirebaseApplication-frameworks.sh\"\n";
			showEnvVarsInLog = 0;
		};
		75A4C9DE78128341FEDBE5F4 /* [CP] Check Pods Manifest.lock */ = {
			isa = PBXShellScriptBuildPhase;
			buildActionMask = 2147483647;
			files = (
			);
			inputFileListPaths = (
			);
			inputPaths = (
				"${PODS_PODFILE_DIR_PATH}/Podfile.lock",
				"${PODS_ROOT}/Manifest.lock",
			);
			name = "[CP] Check Pods Manifest.lock";
			outputFileListPaths = (
			);
			outputPaths = (
				"$(DERIVED_FILE_DIR)/Pods-FirebaseApplication-checkManifestLockResult.txt",
			);
			runOnlyForDeploymentPostprocessing = 0;
			shellPath = /bin/sh;
			shellScript = "diff \"${PODS_PODFILE_DIR_PATH}/Podfile.lock\" \"${PODS_ROOT}/Manifest.lock\" > /dev/null\nif [ $? != 0 ] ; then\n    # print error to STDERR\n    echo \"error: The sandbox is not in sync with the Podfile.lock. Run 'pod install' or update your CocoaPods installation.\" >&2\n    exit 1\nfi\n# This output is used by Xcode 'outputs' to avoid re-running this script phase.\necho \"SUCCESS\" > \"${SCRIPT_OUTPUT_FILE_0}\"\n";
			showEnvVarsInLog = 0;
		};
		D36F3ADAAB06687996230DA3 /* [CP] Check Pods Manifest.lock */ = {
			isa = PBXShellScriptBuildPhase;
			buildActionMask = 2147483647;
			files = (
			);
			inputFileListPaths = (
			);
			inputPaths = (
				"${PODS_PODFILE_DIR_PATH}/Podfile.lock",
				"${PODS_ROOT}/Manifest.lock",
			);
			name = "[CP] Check Pods Manifest.lock";
			outputFileListPaths = (
			);
			outputPaths = (
				"$(DERIVED_FILE_DIR)/Pods-FirebaseApplicationTests-checkManifestLockResult.txt",
			);
			runOnlyForDeploymentPostprocessing = 0;
			shellPath = /bin/sh;
			shellScript = "diff \"${PODS_PODFILE_DIR_PATH}/Podfile.lock\" \"${PODS_ROOT}/Manifest.lock\" > /dev/null\nif [ $? != 0 ] ; then\n    # print error to STDERR\n    echo \"error: The sandbox is not in sync with the Podfile.lock. Run 'pod install' or update your CocoaPods installation.\" >&2\n    exit 1\nfi\n# This output is used by Xcode 'outputs' to avoid re-running this script phase.\necho \"SUCCESS\" > \"${SCRIPT_OUTPUT_FILE_0}\"\n";
			showEnvVarsInLog = 0;
		};
/* End PBXShellScriptBuildPhase section */

/* Begin PBXSourcesBuildPhase section */
		3580111D21D4C98C002FE185 /* Sources */ = {
			isa = PBXSourcesBuildPhase;
			buildActionMask = 2147483647;
			files = (
				35AA78A121D4E45C0055CF0C /* ViewController.swift in Sources */,
				3580114721D4CF4E002FE185 /* CreateAccountViewController.swift in Sources */,
				3580112721D4C98C002FE185 /* LoginViewController.swift in Sources */,
				3580112521D4C98C002FE185 /* AppDelegate.swift in Sources */,
				3580114521D4CC09002FE185 /* CustomButton.swift in Sources */,
				35AA789F21D4E2C30055CF0C /* HomeScreenViewController.swift in Sources */,
			);
			runOnlyForDeploymentPostprocessing = 0;
		};
		3580113121D4C98D002FE185 /* Sources */ = {
			isa = PBXSourcesBuildPhase;
			buildActionMask = 2147483647;
			files = (
				3580113A21D4C98D002FE185 /* FirebaseApplicationTests.swift in Sources */,
			);
			runOnlyForDeploymentPostprocessing = 0;
		};
/* End PBXSourcesBuildPhase section */

/* Begin PBXTargetDependency section */
		3580113721D4C98D002FE185 /* PBXTargetDependency */ = {
			isa = PBXTargetDependency;
			target = 3580112021D4C98C002FE185 /* FirebaseApplication */;
			targetProxy = 3580113621D4C98D002FE185 /* PBXContainerItemProxy */;
		};
/* End PBXTargetDependency section */

/* Begin PBXVariantGroup section */
		3580112821D4C98C002FE185 /* Main.storyboard */ = {
			isa = PBXVariantGroup;
			children = (
				3580112921D4C98C002FE185 /* Base */,
			);
			name = Main.storyboard;
			sourceTree = "<group>";
		};
		3580112D21D4C98D002FE185 /* LaunchScreen.storyboard */ = {
			isa = PBXVariantGroup;
			children = (
				3580112E21D4C98D002FE185 /* Base */,
			);
			name = LaunchScreen.storyboard;
			sourceTree = "<group>";
		};
/* End PBXVariantGroup section */

/* Begin XCBuildConfiguration section */
		3580113C21D4C98D002FE185 /* Debug */ = {
			isa = XCBuildConfiguration;
			buildSettings = {
				ALWAYS_SEARCH_USER_PATHS = NO;
				CLANG_ANALYZER_NONNULL = YES;
				CLANG_ANALYZER_NUMBER_OBJECT_CONVERSION = YES_AGGRESSIVE;
				CLANG_CXX_LANGUAGE_STANDARD = "gnu++14";
				CLANG_CXX_LIBRARY = "libc++";
				CLANG_ENABLE_MODULES = YES;
				CLANG_ENABLE_OBJC_ARC = YES;
				CLANG_ENABLE_OBJC_WEAK = YES;
				CLANG_WARN_BLOCK_CAPTURE_AUTORELEASING = YES;
				CLANG_WARN_BOOL_CONVERSION = YES;
				CLANG_WARN_COMMA = YES;
				CLANG_WARN_CONSTANT_CONVERSION = YES;
				CLANG_WARN_DEPRECATED_OBJC_IMPLEMENTATIONS = YES;
				CLANG_WARN_DIRECT_OBJC_ISA_USAGE = YES_ERROR;
				CLANG_WARN_DOCUMENTATION_COMMENTS = YES;
				CLANG_WARN_EMPTY_BODY = YES;
				CLANG_WARN_ENUM_CONVERSION = YES;
				CLANG_WARN_INFINITE_RECURSION = YES;
				CLANG_WARN_INT_CONVERSION = YES;
				CLANG_WARN_NON_LITERAL_NULL_CONVERSION = YES;
				CLANG_WARN_OBJC_IMPLICIT_RETAIN_SELF = YES;
				CLANG_WARN_OBJC_LITERAL_CONVERSION = YES;
				CLANG_WARN_OBJC_ROOT_CLASS = YES_ERROR;
				CLANG_WARN_RANGE_LOOP_ANALYSIS = YES;
				CLANG_WARN_STRICT_PROTOTYPES = YES;
				CLANG_WARN_SUSPICIOUS_MOVE = YES;
				CLANG_WARN_UNGUARDED_AVAILABILITY = YES_AGGRESSIVE;
				CLANG_WARN_UNREACHABLE_CODE = YES;
				CLANG_WARN__DUPLICATE_METHOD_MATCH = YES;
				CODE_SIGN_IDENTITY = "iPhone Developer";
				COPY_PHASE_STRIP = NO;
				DEBUG_INFORMATION_FORMAT = dwarf;
				ENABLE_STRICT_OBJC_MSGSEND = YES;
				ENABLE_TESTABILITY = YES;
				GCC_C_LANGUAGE_STANDARD = gnu11;
				GCC_DYNAMIC_NO_PIC = NO;
				GCC_NO_COMMON_BLOCKS = YES;
				GCC_OPTIMIZATION_LEVEL = 0;
				GCC_PREPROCESSOR_DEFINITIONS = (
					"DEBUG=1",
					"$(inherited)",
				);
				GCC_WARN_64_TO_32_BIT_CONVERSION = YES;
				GCC_WARN_ABOUT_RETURN_TYPE = YES_ERROR;
				GCC_WARN_UNDECLARED_SELECTOR = YES;
				GCC_WARN_UNINITIALIZED_AUTOS = YES_AGGRESSIVE;
				GCC_WARN_UNUSED_FUNCTION = YES;
				GCC_WARN_UNUSED_VARIABLE = YES;
				IPHONEOS_DEPLOYMENT_TARGET = 12.1;
				MTL_ENABLE_DEBUG_INFO = INCLUDE_SOURCE;
				MTL_FAST_MATH = YES;
				ONLY_ACTIVE_ARCH = YES;
				SDKROOT = iphoneos;
				SWIFT_ACTIVE_COMPILATION_CONDITIONS = DEBUG;
				SWIFT_OPTIMIZATION_LEVEL = "-Onone";
			};
			name = Debug;
		};
		3580113D21D4C98D002FE185 /* Release */ = {
			isa = XCBuildConfiguration;
			buildSettings = {
				ALWAYS_SEARCH_USER_PATHS = NO;
				CLANG_ANALYZER_NONNULL = YES;
				CLANG_ANALYZER_NUMBER_OBJECT_CONVERSION = YES_AGGRESSIVE;
				CLANG_CXX_LANGUAGE_STANDARD = "gnu++14";
				CLANG_CXX_LIBRARY = "libc++";
				CLANG_ENABLE_MODULES = YES;
				CLANG_ENABLE_OBJC_ARC = YES;
				CLANG_ENABLE_OBJC_WEAK = YES;
				CLANG_WARN_BLOCK_CAPTURE_AUTORELEASING = YES;
				CLANG_WARN_BOOL_CONVERSION = YES;
				CLANG_WARN_COMMA = YES;
				CLANG_WARN_CONSTANT_CONVERSION = YES;
				CLANG_WARN_DEPRECATED_OBJC_IMPLEMENTATIONS = YES;
				CLANG_WARN_DIRECT_OBJC_ISA_USAGE = YES_ERROR;
				CLANG_WARN_DOCUMENTATION_COMMENTS = YES;
				CLANG_WARN_EMPTY_BODY = YES;
				CLANG_WARN_ENUM_CONVERSION = YES;
				CLANG_WARN_INFINITE_RECURSION = YES;
				CLANG_WARN_INT_CONVERSION = YES;
				CLANG_WARN_NON_LITERAL_NULL_CONVERSION = YES;
				CLANG_WARN_OBJC_IMPLICIT_RETAIN_SELF = YES;
				CLANG_WARN_OBJC_LITERAL_CONVERSION = YES;
				CLANG_WARN_OBJC_ROOT_CLASS = YES_ERROR;
				CLANG_WARN_RANGE_LOOP_ANALYSIS = YES;
				CLANG_WARN_STRICT_PROTOTYPES = YES;
				CLANG_WARN_SUSPICIOUS_MOVE = YES;
				CLANG_WARN_UNGUARDED_AVAILABILITY = YES_AGGRESSIVE;
				CLANG_WARN_UNREACHABLE_CODE = YES;
				CLANG_WARN__DUPLICATE_METHOD_MATCH = YES;
				CODE_SIGN_IDENTITY = "iPhone Developer";
				COPY_PHASE_STRIP = NO;
				DEBUG_INFORMATION_FORMAT = "dwarf-with-dsym";
				ENABLE_NS_ASSERTIONS = NO;
				ENABLE_STRICT_OBJC_MSGSEND = YES;
				GCC_C_LANGUAGE_STANDARD = gnu11;
				GCC_NO_COMMON_BLOCKS = YES;
				GCC_WARN_64_TO_32_BIT_CONVERSION = YES;
				GCC_WARN_ABOUT_RETURN_TYPE = YES_ERROR;
				GCC_WARN_UNDECLARED_SELECTOR = YES;
				GCC_WARN_UNINITIALIZED_AUTOS = YES_AGGRESSIVE;
				GCC_WARN_UNUSED_FUNCTION = YES;
				GCC_WARN_UNUSED_VARIABLE = YES;
				IPHONEOS_DEPLOYMENT_TARGET = 12.1;
				MTL_ENABLE_DEBUG_INFO = NO;
				MTL_FAST_MATH = YES;
				SDKROOT = iphoneos;
				SWIFT_COMPILATION_MODE = wholemodule;
				SWIFT_OPTIMIZATION_LEVEL = "-O";
				VALIDATE_PRODUCT = YES;
			};
			name = Release;
		};
		3580113F21D4C98D002FE185 /* Debug */ = {
			isa = XCBuildConfiguration;
			baseConfigurationReference = FBC35E3A2E2AFC2EB0B205A8 /* Pods-FirebaseApplication.debug.xcconfig */;
			buildSettings = {
				ASSETCATALOG_COMPILER_APPICON_NAME = AppIcon;
				CODE_SIGN_STYLE = Automatic;
				INFOPLIST_FILE = FirebaseApplication/Info.plist;
				LD_RUNPATH_SEARCH_PATHS = (
					"$(inherited)",
					"@executable_path/Frameworks",
				);
				PRODUCT_BUNDLE_IDENTIFIER = com.clarion.FirebaseApplication;
				PRODUCT_NAME = "$(TARGET_NAME)";
				SWIFT_VERSION = 4.2;
				TARGETED_DEVICE_FAMILY = "1,2";
			};
			name = Debug;
		};
		3580114021D4C98D002FE185 /* Release */ = {
			isa = XCBuildConfiguration;
			baseConfigurationReference = A18974F307A8BACD741D6DB9 /* Pods-FirebaseApplication.release.xcconfig */;
			buildSettings = {
				ASSETCATALOG_COMPILER_APPICON_NAME = AppIcon;
				CODE_SIGN_STYLE = Automatic;
				INFOPLIST_FILE = FirebaseApplication/Info.plist;
				LD_RUNPATH_SEARCH_PATHS = (
					"$(inherited)",
					"@executable_path/Frameworks",
				);
				PRODUCT_BUNDLE_IDENTIFIER = com.clarion.FirebaseApplication;
				PRODUCT_NAME = "$(TARGET_NAME)";
				SWIFT_VERSION = 4.2;
				TARGETED_DEVICE_FAMILY = "1,2";
			};
			name = Release;
		};
		3580114221D4C98D002FE185 /* Debug */ = {
			isa = XCBuildConfiguration;
			baseConfigurationReference = D697ED536F211FC6769F85D1 /* Pods-FirebaseApplicationTests.debug.xcconfig */;
			buildSettings = {
				ALWAYS_EMBED_SWIFT_STANDARD_LIBRARIES = YES;
				BUNDLE_LOADER = "$(TEST_HOST)";
				CODE_SIGN_STYLE = Automatic;
				INFOPLIST_FILE = FirebaseApplicationTests/Info.plist;
				LD_RUNPATH_SEARCH_PATHS = (
					"$(inherited)",
					"@executable_path/Frameworks",
					"@loader_path/Frameworks",
				);
				PRODUCT_BUNDLE_IDENTIFIER = com.clarion.FirebaseApplicationTests;
				PRODUCT_NAME = "$(TARGET_NAME)";
				SWIFT_VERSION = 4.2;
				TARGETED_DEVICE_FAMILY = "1,2";
				TEST_HOST = "$(BUILT_PRODUCTS_DIR)/FirebaseApplication.app/FirebaseApplication";
			};
			name = Debug;
		};
		3580114321D4C98D002FE185 /* Release */ = {
			isa = XCBuildConfiguration;
			baseConfigurationReference = 7501E10942FD8C51AB583A4A /* Pods-FirebaseApplicationTests.release.xcconfig */;
			buildSettings = {
				ALWAYS_EMBED_SWIFT_STANDARD_LIBRARIES = YES;
				BUNDLE_LOADER = "$(TEST_HOST)";
				CODE_SIGN_STYLE = Automatic;
				INFOPLIST_FILE = FirebaseApplicationTests/Info.plist;
				LD_RUNPATH_SEARCH_PATHS = (
					"$(inherited)",
					"@executable_path/Frameworks",
					"@loader_path/Frameworks",
				);
				PRODUCT_BUNDLE_IDENTIFIER = com.clarion.FirebaseApplicationTests;
				PRODUCT_NAME = "$(TARGET_NAME)";
				SWIFT_VERSION = 4.2;
				TARGETED_DEVICE_FAMILY = "1,2";
				TEST_HOST = "$(BUILT_PRODUCTS_DIR)/FirebaseApplication.app/FirebaseApplication";
			};
			name = Release;
		};
/* End XCBuildConfiguration section */

/* Begin XCConfigurationList section */
		3580111C21D4C98C002FE185 /* Build configuration list for PBXProject "FirebaseApplication" */ = {
			isa = XCConfigurationList;
			buildConfigurations = (
				3580113C21D4C98D002FE185 /* Debug */,
				3580113D21D4C98D002FE185 /* Release */,
			);
			defaultConfigurationIsVisible = 0;
			defaultConfigurationName = Release;
		};
		3580113E21D4C98D002FE185 /* Build configuration list for PBXNativeTarget "FirebaseApplication" */ = {
			isa = XCConfigurationList;
			buildConfigurations = (
				3580113F21D4C98D002FE185 /* Debug */,
				3580114021D4C98D002FE185 /* Release */,
			);
			defaultConfigurationIsVisible = 0;
			defaultConfigurationName = Release;
		};
		3580114121D4C98D002FE185 /* Build configuration list for PBXNativeTarget "FirebaseApplicationTests" */ = {
			isa = XCConfigurationList;
			buildConfigurations = (
				3580114221D4C98D002FE185 /* Debug */,
				3580114321D4C98D002FE185 /* Release */,
			);
			defaultConfigurationIsVisible = 0;
			defaultConfigurationName = Release;
		};
/* End XCConfigurationList section */
	};
	rootObject = 3580111921D4C98C002FE185 /* Project object */;
}
